
Microsoft Visual Studio Solution File, Format Version 12.00
# Visual Studio Version 17
VisualStudioVersion = 17.12.35728.132 d17.12
MinimumVisualStudioVersion = 10.0.40219.1
Project("{FAE04EC0-301F-11D3-BF4B-00C04F79EFBC}") = "Skatberegnunit", "Skatberegnunit\Skatberegnunit.csproj", "{622E9DFE-5238-4017-A85E-0DC07B382C74}"
EndProject
Project("{FAE04EC0-301F-11D3-BF4B-00C04F79EFBC}") = "beregnskatTest", "beregnskatTest\beregnskatTest.csproj", "{B589A42E-A056-427B-BBB2-74C00F8CA934}"
EndProject
Global
	GlobalSection(SolutionConfigurationPlatforms) = preSolution
		Debug|Any CPU = Debug|Any CPU
		Release|Any CPU = Release|Any CPU
	EndGlobalSection
	GlobalSection(ProjectConfigurationPlatforms) = postSolution
		{622E9DFE-5238-4017-A85E-0DC07B382C74}.Debug|Any CPU.ActiveCfg = Debug|Any CPU
		{622E9DFE-5238-4017-A85E-0DC07B382C74}.Debug|Any CPU.Build.0 = Debug|Any CPU
		{622E9DFE-5238-4017-A85E-0DC07B382C74}.Release|Any CPU.ActiveCfg = Release|Any CPU
		{622E9DFE-5238-4017-A85E-0DC07B382C74}.Release|Any CPU.Build.0 = Release|Any CPU
		{B589A42E-A056-427B-BBB2-74C00F8CA934}.Debug|Any CPU.ActiveCfg = Debug|Any CPU
		{B589A42E-A056-427B-BBB2-74C00F8CA934}.Debug|Any CPU.Build.0 = Debug|Any CPU
		{B589A42E-A056-427B-BBB2-74C00F8CA934}.Release|Any CPU.ActiveCfg = Release|Any CPU
		{B589A42E-A056-427B-BBB2-74C00F8CA934}.Release|Any CPU.Build.0 = Release|Any CPU
	EndGlobalSection
	GlobalSection(SolutionProperties) = preSolution
		HideSolutionNode = FALSE
	EndGlobalSection
EndGlobal
